
Microsoft Visual Studio Solution File, Format Version 12.00
# Visual Studio Express 15 for Windows Desktop
VisualStudioVersion = 15.0.27703.2047
MinimumVisualStudioVersion = 10.0.40219.1
Project("{FAE04EC0-301F-11D3-BF4B-00C04F79EFBC}") = "ClassLibrary1", "ClassLibrary1\ClassLibrary1.csproj", "{B0CF04FB-72B7-491C-8AFF-04EFF9785C9E}"
EndProject
Global
	GlobalSection(SolutionConfigurationPlatforms) = preSolution
		Debug|Any CPU = Debug|Any CPU
		Release|Any CPU = Release|Any CPU
	EndGlobalSection
	GlobalSection(ProjectConfigurationPlatforms) = postSolution
		{B0CF04FB-72B7-491C-8AFF-04EFF9785C9E}.Debug|Any CPU.ActiveCfg = Debug|Any CPU
		{B0CF04FB-72B7-491C-8AFF-04EFF9785C9E}.Debug|Any CPU.Build.0 = Debug|Any CPU
		{B0CF04FB-72B7-491C-8AFF-04EFF9785C9E}.Release|Any CPU.ActiveCfg = Release|Any CPU
		{B0CF04FB-72B7-491C-8AFF-04EFF9785C9E}.Release|Any CPU.Build.0 = Release|Any CPU
	EndGlobalSection
	GlobalSection(SolutionProperties) = preSolution
		HideSolutionNode = FALSE
	EndGlobalSection
	GlobalSection(ExtensibilityGlobals) = postSolution
		SolutionGuid = {47C2569A-BD6A-4398-B262-94086988AAD6}
	EndGlobalSection
EndGlobal
